
Microsoft Visual Studio Solution File, Format Version 12.00
# Visual Studio Version 17
VisualStudioVersion = 17.6.33626.354
MinimumVisualStudioVersion = 10.0.40219.1
Project("{9A19103F-16F7-4668-BE54-9A1E7A4F7556}") = "Nestpay", "Nestpay.csproj", "{A30FFB44-6348-409B-B002-9BA088956E9D}"
EndProject
Global
	GlobalSection(SolutionConfigurationPlatforms) = preSolution
		Debug|Any CPU = Debug|Any CPU
		Release|Any CPU = Release|Any CPU
	EndGlobalSection
	GlobalSection(ProjectConfigurationPlatforms) = postSolution
		{A30FFB44-6348-409B-B002-9BA088956E9D}.Debug|Any CPU.ActiveCfg = Debug|Any CPU
		{A30FFB44-6348-409B-B002-9BA088956E9D}.Debug|Any CPU.Build.0 = Debug|Any CPU
		{A30FFB44-6348-409B-B002-9BA088956E9D}.Release|Any CPU.ActiveCfg = Release|Any CPU
		{A30FFB44-6348-409B-B002-9BA088956E9D}.Release|Any CPU.Build.0 = Release|Any CPU
	EndGlobalSection
	GlobalSection(SolutionProperties) = preSolution
		HideSolutionNode = FALSE
	EndGlobalSection
	GlobalSection(ExtensibilityGlobals) = postSolution
		SolutionGuid = {BF921618-A34A-42C5-BE2B-604E160D056E}
	EndGlobalSection
EndGlobal
